// !$*UTF8*$!
{
	archiveVersion = 1;
	classes = {
	};
	objectVersion = 50;
	objects = {

/* Begin PBXBuildFile section */
		3B50145C21170520000011CE /* LaunchModel.m in Sources */ = {isa = PBXBuildFile; fileRef = 3B50145B21170520000011CE /* LaunchModel.m */; };
		3B50145D2117053B000011CE /* LaunchModel.m in Sources */ = {isa = PBXBuildFile; fileRef = 3B50145B21170520000011CE /* LaunchModel.m */; };
		3B50145F2117057C000011CE /* LaunchSiteModel.m in Sources */ = {isa = PBXBuildFile; fileRef = 3B50145E2117057C000011CE /* LaunchSiteModel.m */; };
		3B501461211705CE000011CE /* LaunchSiteModel.m in Sources */ = {isa = PBXBuildFile; fileRef = 3B50145E2117057C000011CE /* LaunchSiteModel.m */; };
		3B648A8B2116FF7100A29760 /* Podfile in Resources */ = {isa = PBXBuildFile; fileRef = 3B648A8A2116FF7100A29760 /* Podfile */; };
		3B7553AF21163787008655FB /* AppDelegate.m in Sources */ = {isa = PBXBuildFile; fileRef = 3B7553AE21163787008655FB /* AppDelegate.m */; };
		3B7553B221163787008655FB /* LaunchController.m in Sources */ = {isa = PBXBuildFile; fileRef = 3B7553B121163787008655FB /* LaunchController.m */; };
		3B7553B721163788008655FB /* Assets.xcassets in Resources */ = {isa = PBXBuildFile; fileRef = 3B7553B621163788008655FB /* Assets.xcassets */; };
		3B7553BA21163788008655FB /* LaunchScreen.storyboard in Resources */ = {isa = PBXBuildFile; fileRef = 3B7553B821163788008655FB /* LaunchScreen.storyboard */; };
		3B7553BD21163788008655FB /* main.m in Sources */ = {isa = PBXBuildFile; fileRef = 3B7553BC21163788008655FB /* main.m */; };
		3B7553C721163788008655FB /* jpmcTests.m in Sources */ = {isa = PBXBuildFile; fileRef = 3B7553C621163788008655FB /* jpmcTests.m */; };
		3BB52A6F2118A78B002C81FE /* FilterController.m in Sources */ = {isa = PBXBuildFile; fileRef = 3BB52A6E2118A78B002C81FE /* FilterController.m */; };
		3BB52A722118BC80002C81FE /* UpcomingView.m in Sources */ = {isa = PBXBuildFile; fileRef = 3BB52A712118BC80002C81FE /* UpcomingView.m */; };
		3BB52A752118C6D0002C81FE /* UIColor+Hex.m in Sources */ = {isa = PBXBuildFile; fileRef = 3BB52A742118C6D0002C81FE /* UIColor+Hex.m */; };
		3BB52A782118C80B002C81FE /* DateView.m in Sources */ = {isa = PBXBuildFile; fileRef = 3BB52A772118C80B002C81FE /* DateView.m */; };
		3BFA278B211687F10008062B /* RestService.m in Sources */ = {isa = PBXBuildFile; fileRef = 3BFA278A211687F10008062B /* RestService.m */; };
		3BFC66B42117C38500930E43 /* LaunchView.m in Sources */ = {isa = PBXBuildFile; fileRef = 3BFC66B32117C38500930E43 /* LaunchView.m */; };
		3BFC66B72117C49700930E43 /* LaunchViewDelegate.m in Sources */ = {isa = PBXBuildFile; fileRef = 3BFC66B62117C49700930E43 /* LaunchViewDelegate.m */; };
		3BFC66BA2117C58A00930E43 /* LaunchViewDataSource.m in Sources */ = {isa = PBXBuildFile; fileRef = 3BFC66B92117C58A00930E43 /* LaunchViewDataSource.m */; };
		C75DF896E8A35EE5F7EC61F8 /* libPods-jpmcTests.a in Frameworks */ = {isa = PBXBuildFile; fileRef = 180A137E0D4F7950C52D6893 /* libPods-jpmcTests.a */; };
		FA159B79C9BD43627EF884AF /* libPods-jpmc.a in Frameworks */ = {isa = PBXBuildFile; fileRef = 1B7F9934438FEA0767D49F01 /* libPods-jpmc.a */; };
/* End PBXBuildFile section */

/* Begin PBXContainerItemProxy section */
		3B7553C321163788008655FB /* PBXContainerItemProxy */ = {
			isa = PBXContainerItemProxy;
			containerPortal = 3B7553A221163787008655FB /* Project object */;
			proxyType = 1;
			remoteGlobalIDString = 3B7553A921163787008655FB;
			remoteInfo = jpmc;
		};
/* End PBXContainerItemProxy section */

/* Begin PBXFileReference section */
		051896A616E9525982E26B7E /* Pods-jpmc.release.xcconfig */ = {isa = PBXFileReference; includeInIndex = 1; lastKnownFileType = text.xcconfig; name = "Pods-jpmc.release.xcconfig"; path = "Pods/Target Support Files/Pods-jpmc/Pods-jpmc.release.xcconfig"; sourceTree = "<group>"; };
		06EC6114C6375AE2EDE03A1C /* Pods-jpmcTests.debug.xcconfig */ = {isa = PBXFileReference; includeInIndex = 1; lastKnownFileType = text.xcconfig; name = "Pods-jpmcTests.debug.xcconfig"; path = "Pods/Target Support Files/Pods-jpmcTests/Pods-jpmcTests.debug.xcconfig"; sourceTree = "<group>"; };
		180A137E0D4F7950C52D6893 /* libPods-jpmcTests.a */ = {isa = PBXFileReference; explicitFileType = archive.ar; includeInIndex = 0; path = "libPods-jpmcTests.a"; sourceTree = BUILT_PRODUCTS_DIR; };
		1B7F9934438FEA0767D49F01 /* libPods-jpmc.a */ = {isa = PBXFileReference; explicitFileType = archive.ar; includeInIndex = 0; path = "libPods-jpmc.a"; sourceTree = BUILT_PRODUCTS_DIR; };
		3B50145B21170520000011CE /* LaunchModel.m */ = {isa = PBXFileReference; lastKnownFileType = sourcecode.c.objc; path = LaunchModel.m; sourceTree = "<group>"; };
		3B50145E2117057C000011CE /* LaunchSiteModel.m */ = {isa = PBXFileReference; lastKnownFileType = sourcecode.c.objc; path = LaunchSiteModel.m; sourceTree = "<group>"; };
		3B5014602117059D000011CE /* LaunchSiteModel.h */ = {isa = PBXFileReference; lastKnownFileType = sourcecode.c.h; path = LaunchSiteModel.h; sourceTree = "<group>"; };
		3B648A8A2116FF7100A29760 /* Podfile */ = {isa = PBXFileReference; fileEncoding = 4; lastKnownFileType = text; path = Podfile; sourceTree = "<group>"; xcLanguageSpecificationIdentifier = xcode.lang.ruby; };
		3B7553AA21163787008655FB /* jpmc.app */ = {isa = PBXFileReference; explicitFileType = wrapper.application; includeInIndex = 0; path = jpmc.app; sourceTree = BUILT_PRODUCTS_DIR; };
		3B7553AD21163787008655FB /* AppDelegate.h */ = {isa = PBXFileReference; lastKnownFileType = sourcecode.c.h; path = AppDelegate.h; sourceTree = "<group>"; };
		3B7553AE21163787008655FB /* AppDelegate.m */ = {isa = PBXFileReference; lastKnownFileType = sourcecode.c.objc; path = AppDelegate.m; sourceTree = "<group>"; };
		3B7553B021163787008655FB /* LaunchController.h */ = {isa = PBXFileReference; lastKnownFileType = sourcecode.c.h; path = LaunchController.h; sourceTree = "<group>"; };
		3B7553B121163787008655FB /* LaunchController.m */ = {isa = PBXFileReference; lastKnownFileType = sourcecode.c.objc; path = LaunchController.m; sourceTree = "<group>"; };
		3B7553B621163788008655FB /* Assets.xcassets */ = {isa = PBXFileReference; lastKnownFileType = folder.assetcatalog; path = Assets.xcassets; sourceTree = "<group>"; };
		3B7553B921163788008655FB /* Base */ = {isa = PBXFileReference; lastKnownFileType = file.storyboard; name = Base; path = Base.lproj/LaunchScreen.storyboard; sourceTree = "<group>"; };
		3B7553BB21163788008655FB /* Info.plist */ = {isa = PBXFileReference; lastKnownFileType = text.plist.xml; path = Info.plist; sourceTree = "<group>"; };
		3B7553BC21163788008655FB /* main.m */ = {isa = PBXFileReference; lastKnownFileType = sourcecode.c.objc; path = main.m; sourceTree = "<group>"; };
		3B7553C221163788008655FB /* jpmcTests.xctest */ = {isa = PBXFileReference; explicitFileType = wrapper.cfbundle; includeInIndex = 0; path = jpmcTests.xctest; sourceTree = BUILT_PRODUCTS_DIR; };
		3B7553C621163788008655FB /* jpmcTests.m */ = {isa = PBXFileReference; lastKnownFileType = sourcecode.c.objc; path = jpmcTests.m; sourceTree = "<group>"; };
		3B7553C821163788008655FB /* Info.plist */ = {isa = PBXFileReference; lastKnownFileType = text.plist.xml; path = Info.plist; sourceTree = "<group>"; };
		3BB52A6D2118A78B002C81FE /* FilterController.h */ = {isa = PBXFileReference; lastKnownFileType = sourcecode.c.h; path = FilterController.h; sourceTree = "<group>"; };
		3BB52A6E2118A78B002C81FE /* FilterController.m */ = {isa = PBXFileReference; lastKnownFileType = sourcecode.c.objc; path = FilterController.m; sourceTree = "<group>"; };
		3BB52A702118BC80002C81FE /* UpcomingView.h */ = {isa = PBXFileReference; lastKnownFileType = sourcecode.c.h; path = UpcomingView.h; sourceTree = "<group>"; };
		3BB52A712118BC80002C81FE /* UpcomingView.m */ = {isa = PBXFileReference; lastKnownFileType = sourcecode.c.objc; path = UpcomingView.m; sourceTree = "<group>"; };
		3BB52A732118C6D0002C81FE /* UIColor+Hex.h */ = {isa = PBXFileReference; lastKnownFileType = sourcecode.c.h; path = "UIColor+Hex.h"; sourceTree = "<group>"; };
		3BB52A742118C6D0002C81FE /* UIColor+Hex.m */ = {isa = PBXFileReference; lastKnownFileType = sourcecode.c.objc; path = "UIColor+Hex.m"; sourceTree = "<group>"; };
		3BB52A762118C80B002C81FE /* DateView.h */ = {isa = PBXFileReference; lastKnownFileType = sourcecode.c.h; path = DateView.h; sourceTree = "<group>"; };
		3BB52A772118C80B002C81FE /* DateView.m */ = {isa = PBXFileReference; lastKnownFileType = sourcecode.c.objc; path = DateView.m; sourceTree = "<group>"; };
		3BB52A792118D5AC002C81FE /* FilterResultReceiver.h */ = {isa = PBXFileReference; lastKnownFileType = sourcecode.c.h; path = FilterResultReceiver.h; sourceTree = "<group>"; };
		3BC3D1DA2117007100DA59E0 /* LaunchModel.h */ = {isa = PBXFileReference; lastKnownFileType = sourcecode.c.h; path = LaunchModel.h; sourceTree = "<group>"; };
		3BFA2789211687F10008062B /* RestService.h */ = {isa = PBXFileReference; lastKnownFileType = sourcecode.c.h; path = RestService.h; sourceTree = "<group>"; };
		3BFA278A211687F10008062B /* RestService.m */ = {isa = PBXFileReference; lastKnownFileType = sourcecode.c.objc; path = RestService.m; sourceTree = "<group>"; };
		3BFC66B22117C38500930E43 /* LaunchView.h */ = {isa = PBXFileReference; lastKnownFileType = sourcecode.c.h; path = LaunchView.h; sourceTree = "<group>"; };
		3BFC66B32117C38500930E43 /* LaunchView.m */ = {isa = PBXFileReference; lastKnownFileType = sourcecode.c.objc; path = LaunchView.m; sourceTree = "<group>"; };
		3BFC66B52117C49700930E43 /* LaunchViewDelegate.h */ = {isa = PBXFileReference; lastKnownFileType = sourcecode.c.h; path = LaunchViewDelegate.h; sourceTree = "<group>"; };
		3BFC66B62117C49700930E43 /* LaunchViewDelegate.m */ = {isa = PBXFileReference; lastKnownFileType = sourcecode.c.objc; path = LaunchViewDelegate.m; sourceTree = "<group>"; };
		3BFC66B82117C58A00930E43 /* LaunchViewDataSource.h */ = {isa = PBXFileReference; lastKnownFileType = sourcecode.c.h; path = LaunchViewDataSource.h; sourceTree = "<group>"; };
		3BFC66B92117C58A00930E43 /* LaunchViewDataSource.m */ = {isa = PBXFileReference; lastKnownFileType = sourcecode.c.objc; path = LaunchViewDataSource.m; sourceTree = "<group>"; };
		9E0D9C73B75A0E648632BA7F /* Pods-jpmcTests.release.xcconfig */ = {isa = PBXFileReference; includeInIndex = 1; lastKnownFileType = text.xcconfig; name = "Pods-jpmcTests.release.xcconfig"; path = "Pods/Target Support Files/Pods-jpmcTests/Pods-jpmcTests.release.xcconfig"; sourceTree = "<group>"; };
		D8191B1205981C121AAAC1DA /* Pods-jpmc.debug.xcconfig */ = {isa = PBXFileReference; includeInIndex = 1; lastKnownFileType = text.xcconfig; name = "Pods-jpmc.debug.xcconfig"; path = "Pods/Target Support Files/Pods-jpmc/Pods-jpmc.debug.xcconfig"; sourceTree = "<group>"; };
/* End PBXFileReference section */

/* Begin PBXFrameworksBuildPhase section */
		3B7553A721163787008655FB /* Frameworks */ = {
			isa = PBXFrameworksBuildPhase;
			buildActionMask = 2147483647;
			files = (
				FA159B79C9BD43627EF884AF /* libPods-jpmc.a in Frameworks */,
			);
			runOnlyForDeploymentPostprocessing = 0;
		};
		3B7553BF21163788008655FB /* Frameworks */ = {
			isa = PBXFrameworksBuildPhase;
			buildActionMask = 2147483647;
			files = (
				C75DF896E8A35EE5F7EC61F8 /* libPods-jpmcTests.a in Frameworks */,
			);
			runOnlyForDeploymentPostprocessing = 0;
		};
/* End PBXFrameworksBuildPhase section */

/* Begin PBXGroup section */
		3B50146221170A1A000011CE /* models */ = {
			isa = PBXGroup;
			children = (
				3BC3D1DA2117007100DA59E0 /* LaunchModel.h */,
				3B50145B21170520000011CE /* LaunchModel.m */,
				3B5014602117059D000011CE /* LaunchSiteModel.h */,
				3B50145E2117057C000011CE /* LaunchSiteModel.m */,
			);
			path = models;
			sourceTree = "<group>";
		};
		3B7553A121163787008655FB = {
			isa = PBXGroup;
			children = (
				3B648A8A2116FF7100A29760 /* Podfile */,
				3B7553AC21163787008655FB /* jpmc */,
				3B7553C521163788008655FB /* jpmcTests */,
				3B7553AB21163787008655FB /* Products */,
				411F9A0185778A5C389ED4E9 /* Pods */,
				7A6340ACAEE2803CF304A945 /* Frameworks */,
			);
			sourceTree = "<group>";
		};
		3B7553AB21163787008655FB /* Products */ = {
			isa = PBXGroup;
			children = (
				3B7553AA21163787008655FB /* jpmc.app */,
				3B7553C221163788008655FB /* jpmcTests.xctest */,
			);
			name = Products;
			sourceTree = "<group>";
		};
		3B7553AC21163787008655FB /* jpmc */ = {
			isa = PBXGroup;
			children = (
				3B50146221170A1A000011CE /* models */,
				3BFA2785211684350008062B /* controllers */,
				3BFA27832116841A0008062B /* utils */,
				3B7553AD21163787008655FB /* AppDelegate.h */,
				3B7553AE21163787008655FB /* AppDelegate.m */,
				3B7553B621163788008655FB /* Assets.xcassets */,
				3B7553B821163788008655FB /* LaunchScreen.storyboard */,
				3B7553BB21163788008655FB /* Info.plist */,
				3B7553BC21163788008655FB /* main.m */,
			);
			path = jpmc;
			sourceTree = "<group>";
		};
		3B7553C521163788008655FB /* jpmcTests */ = {
			isa = PBXGroup;
			children = (
				3B7553C621163788008655FB /* jpmcTests.m */,
				3B7553C821163788008655FB /* Info.plist */,
			);
			path = jpmcTests;
			sourceTree = "<group>";
		};
		3BB52A6B2118A56E002C81FE /* launch */ = {
			isa = PBXGroup;
			children = (
				3B7553B021163787008655FB /* LaunchController.h */,
				3B7553B121163787008655FB /* LaunchController.m */,
				3BFC66B22117C38500930E43 /* LaunchView.h */,
				3BFC66B32117C38500930E43 /* LaunchView.m */,
				3BFC66B52117C49700930E43 /* LaunchViewDelegate.h */,
				3BFC66B62117C49700930E43 /* LaunchViewDelegate.m */,
				3BFC66B82117C58A00930E43 /* LaunchViewDataSource.h */,
				3BFC66B92117C58A00930E43 /* LaunchViewDataSource.m */,
			);
			path = launch;
			sourceTree = "<group>";
		};
		3BB52A6C2118A768002C81FE /* filter */ = {
			isa = PBXGroup;
			children = (
				3BB52A792118D5AC002C81FE /* FilterResultReceiver.h */,
				3BB52A6D2118A78B002C81FE /* FilterController.h */,
				3BB52A6E2118A78B002C81FE /* FilterController.m */,
				3BB52A702118BC80002C81FE /* UpcomingView.h */,
				3BB52A712118BC80002C81FE /* UpcomingView.m */,
				3BB52A762118C80B002C81FE /* DateView.h */,
				3BB52A772118C80B002C81FE /* DateView.m */,
			);
			path = filter;
			sourceTree = "<group>";
		};
		3BFA27832116841A0008062B /* utils */ = {
			isa = PBXGroup;
			children = (
				3BFA2789211687F10008062B /* RestService.h */,
				3BFA278A211687F10008062B /* RestService.m */,
				3BB52A732118C6D0002C81FE /* UIColor+Hex.h */,
				3BB52A742118C6D0002C81FE /* UIColor+Hex.m */,
			);
			path = utils;
			sourceTree = "<group>";
		};
		3BFA2785211684350008062B /* controllers */ = {
			isa = PBXGroup;
			children = (
				3BB52A6B2118A56E002C81FE /* launch */,
				3BB52A6C2118A768002C81FE /* filter */,
			);
			path = controllers;
			sourceTree = "<group>";
		};
		411F9A0185778A5C389ED4E9 /* Pods */ = {
			isa = PBXGroup;
			children = (
				D8191B1205981C121AAAC1DA /* Pods-jpmc.debug.xcconfig */,
				051896A616E9525982E26B7E /* Pods-jpmc.release.xcconfig */,
				06EC6114C6375AE2EDE03A1C /* Pods-jpmcTests.debug.xcconfig */,
				9E0D9C73B75A0E648632BA7F /* Pods-jpmcTests.release.xcconfig */,
			);
			name = Pods;
			sourceTree = "<group>";
		};
		7A6340ACAEE2803CF304A945 /* Frameworks */ = {
			isa = PBXGroup;
			children = (
				1B7F9934438FEA0767D49F01 /* libPods-jpmc.a */,
				180A137E0D4F7950C52D6893 /* libPods-jpmcTests.a */,
			);
			name = Frameworks;
			sourceTree = "<group>";
		};
/* End PBXGroup section */

/* Begin PBXNativeTarget section */
		3B7553A921163787008655FB /* jpmc */ = {
			isa = PBXNativeTarget;
			buildConfigurationList = 3B7553CB21163788008655FB /* Build configuration list for PBXNativeTarget "jpmc" */;
			buildPhases = (
				542E19E775E08B18924A818A /* [CP] Check Pods Manifest.lock */,
				3B7553A621163787008655FB /* Sources */,
				3B7553A721163787008655FB /* Frameworks */,
				3B7553A821163787008655FB /* Resources */,
			);
			buildRules = (
			);
			dependencies = (
			);
			name = jpmc;
			productName = jpmc;
			productReference = 3B7553AA21163787008655FB /* jpmc.app */;
			productType = "com.apple.product-type.application";
		};
		3B7553C121163788008655FB /* jpmcTests */ = {
			isa = PBXNativeTarget;
			buildConfigurationList = 3B7553CE21163788008655FB /* Build configuration list for PBXNativeTarget "jpmcTests" */;
			buildPhases = (
				2CCB357C02DA3EC8B35A7205 /* [CP] Check Pods Manifest.lock */,
				3B7553BE21163788008655FB /* Sources */,
				3B7553BF21163788008655FB /* Frameworks */,
				3B7553C021163788008655FB /* Resources */,
			);
			buildRules = (
			);
			dependencies = (
				3B7553C421163788008655FB /* PBXTargetDependency */,
			);
			name = jpmcTests;
			productName = jpmcTests;
			productReference = 3B7553C221163788008655FB /* jpmcTests.xctest */;
			productType = "com.apple.product-type.bundle.unit-test";
		};
/* End PBXNativeTarget section */

/* Begin PBXProject section */
		3B7553A221163787008655FB /* Project object */ = {
			isa = PBXProject;
			attributes = {
				LastUpgradeCheck = 1000;
				ORGANIZATIONNAME = "Hoan Tran";
				TargetAttributes = {
					3B7553A921163787008655FB = {
						CreatedOnToolsVersion = 10.0;
					};
					3B7553C121163788008655FB = {
						CreatedOnToolsVersion = 10.0;
						TestTargetID = 3B7553A921163787008655FB;
					};
				};
			};
			buildConfigurationList = 3B7553A521163787008655FB /* Build configuration list for PBXProject "jpmc" */;
			compatibilityVersion = "Xcode 9.3";
			developmentRegion = en;
			hasScannedForEncodings = 0;
			knownRegions = (
				en,
				Base,
			);
			mainGroup = 3B7553A121163787008655FB;
			productRefGroup = 3B7553AB21163787008655FB /* Products */;
			projectDirPath = "";
			projectRoot = "";
			targets = (
				3B7553A921163787008655FB /* jpmc */,
				3B7553C121163788008655FB /* jpmcTests */,
			);
		};
/* End PBXProject section */

/* Begin PBXResourcesBuildPhase section */
		3B7553A821163787008655FB /* Resources */ = {
			isa = PBXResourcesBuildPhase;
			buildActionMask = 2147483647;
			files = (
				3B648A8B2116FF7100A29760 /* Podfile in Resources */,
				3B7553BA21163788008655FB /* LaunchScreen.storyboard in Resources */,
				3B7553B721163788008655FB /* Assets.xcassets in Resources */,
			);
			runOnlyForDeploymentPostprocessing = 0;
		};
		3B7553C021163788008655FB /* Resources */ = {
			isa = PBXResourcesBuildPhase;
			buildActionMask = 2147483647;
			files = (
			);
			runOnlyForDeploymentPostprocessing = 0;
		};
/* End PBXResourcesBuildPhase section */

/* Begin PBXShellScriptBuildPhase section */
		2CCB357C02DA3EC8B35A7205 /* [CP] Check Pods Manifest.lock */ = {
			isa = PBXShellScriptBuildPhase;
			buildActionMask = 2147483647;
			files = (
			);
			inputPaths = (
				"${PODS_PODFILE_DIR_PATH}/Podfile.lock",
				"${PODS_ROOT}/Manifest.lock",
			);
			name = "[CP] Check Pods Manifest.lock";
			outputPaths = (
				"$(DERIVED_FILE_DIR)/Pods-jpmcTests-checkManifestLockResult.txt",
			);
			runOnlyForDeploymentPostprocessing = 0;
			shellPath = /bin/sh;
			shellScript = "diff \"${PODS_PODFILE_DIR_PATH}/Podfile.lock\" \"${PODS_ROOT}/Manifest.lock\" > /dev/null\nif [ $? != 0 ] ; then\n    # print error to STDERR\n    echo \"error: The sandbox is not in sync with the Podfile.lock. Run 'pod install' or update your CocoaPods installation.\" >&2\n    exit 1\nfi\n# This output is used by Xcode 'outputs' to avoid re-running this script phase.\necho \"SUCCESS\" > \"${SCRIPT_OUTPUT_FILE_0}\"\n";
			showEnvVarsInLog = 0;
		};
		542E19E775E08B18924A818A /* [CP] Check Pods Manifest.lock */ = {
			isa = PBXShellScriptBuildPhase;
			buildActionMask = 2147483647;
			files = (
			);
			inputPaths = (
				"${PODS_PODFILE_DIR_PATH}/Podfile.lock",
				"${PODS_ROOT}/Manifest.lock",
			);
			name = "[CP] Check Pods Manifest.lock";
			outputPaths = (
				"$(DERIVED_FILE_DIR)/Pods-jpmc-checkManifestLockResult.txt",
			);
			runOnlyForDeploymentPostprocessing = 0;
			shellPath = /bin/sh;
			shellScript = "diff \"${PODS_PODFILE_DIR_PATH}/Podfile.lock\" \"${PODS_ROOT}/Manifest.lock\" > /dev/null\nif [ $? != 0 ] ; then\n    # print error to STDERR\n    echo \"error: The sandbox is not in sync with the Podfile.lock. Run 'pod install' or update your CocoaPods installation.\" >&2\n    exit 1\nfi\n# This output is used by Xcode 'outputs' to avoid re-running this script phase.\necho \"SUCCESS\" > \"${SCRIPT_OUTPUT_FILE_0}\"\n";
			showEnvVarsInLog = 0;
		};
/* End PBXShellScriptBuildPhase section */

/* Begin PBXSourcesBuildPhase section */
		3B7553A621163787008655FB /* Sources */ = {
			isa = PBXSourcesBuildPhase;
			buildActionMask = 2147483647;
			files = (
				3BFC66B72117C49700930E43 /* LaunchViewDelegate.m in Sources */,
				3BB52A752118C6D0002C81FE /* UIColor+Hex.m in Sources */,
				3BFC66BA2117C58A00930E43 /* LaunchViewDataSource.m in Sources */,
				3B7553B221163787008655FB /* LaunchController.m in Sources */,
				3BFC66B42117C38500930E43 /* LaunchView.m in Sources */,
				3B50145F2117057C000011CE /* LaunchSiteModel.m in Sources */,
				3BB52A722118BC80002C81FE /* UpcomingView.m in Sources */,
				3BB52A6F2118A78B002C81FE /* FilterController.m in Sources */,
				3B7553BD21163788008655FB /* main.m in Sources */,
				3B7553AF21163787008655FB /* AppDelegate.m in Sources */,
				3B50145C21170520000011CE /* LaunchModel.m in Sources */,
				3BFA278B211687F10008062B /* RestService.m in Sources */,
				3BB52A782118C80B002C81FE /* DateView.m in Sources */,
			);
			runOnlyForDeploymentPostprocessing = 0;
		};
		3B7553BE21163788008655FB /* Sources */ = {
			isa = PBXSourcesBuildPhase;
			buildActionMask = 2147483647;
			files = (
				3B50145D2117053B000011CE /* LaunchModel.m in Sources */,
				3B501461211705CE000011CE /* LaunchSiteModel.m in Sources */,
				3B7553C721163788008655FB /* jpmcTests.m in Sources */,
			);
			runOnlyForDeploymentPostprocessing = 0;
		};
/* End PBXSourcesBuildPhase section */

/* Begin PBXTargetDependency section */
		3B7553C421163788008655FB /* PBXTargetDependency */ = {
			isa = PBXTargetDependency;
			target = 3B7553A921163787008655FB /* jpmc */;
			targetProxy = 3B7553C321163788008655FB /* PBXContainerItemProxy */;
		};
/* End PBXTargetDependency section */

/* Begin PBXVariantGroup section */
		3B7553B821163788008655FB /* LaunchScreen.storyboard */ = {
			isa = PBXVariantGroup;
			children = (
				3B7553B921163788008655FB /* Base */,
			);
			name = LaunchScreen.storyboard;
			sourceTree = "<group>";
		};
/* End PBXVariantGroup section */

/* Begin XCBuildConfiguration section */
		3B7553C921163788008655FB /* Debug */ = {
			isa = XCBuildConfiguration;
			buildSettings = {
				ALWAYS_SEARCH_USER_PATHS = NO;
				CLANG_ANALYZER_NONNULL = YES;
				CLANG_ANALYZER_NUMBER_OBJECT_CONVERSION = YES_AGGRESSIVE;
				CLANG_CXX_LANGUAGE_STANDARD = "gnu++14";
				CLANG_CXX_LIBRARY = "libc++";
				CLANG_ENABLE_MODULES = YES;
				CLANG_ENABLE_OBJC_ARC = YES;
				CLANG_ENABLE_OBJC_WEAK = YES;
				CLANG_WARN_BLOCK_CAPTURE_AUTORELEASING = YES;
				CLANG_WARN_BOOL_CONVERSION = YES;
				CLANG_WARN_COMMA = YES;
				CLANG_WARN_CONSTANT_CONVERSION = YES;
				CLANG_WARN_DEPRECATED_OBJC_IMPLEMENTATIONS = YES;
				CLANG_WARN_DIRECT_OBJC_ISA_USAGE = YES_ERROR;
				CLANG_WARN_DOCUMENTATION_COMMENTS = YES;
				CLANG_WARN_EMPTY_BODY = YES;
				CLANG_WARN_ENUM_CONVERSION = YES;
				CLANG_WARN_INFINITE_RECURSION = YES;
				CLANG_WARN_INT_CONVERSION = YES;
				CLANG_WARN_NON_LITERAL_NULL_CONVERSION = YES;
				CLANG_WARN_OBJC_IMPLICIT_RETAIN_SELF = YES;
				CLANG_WARN_OBJC_LITERAL_CONVERSION = YES;
				CLANG_WARN_OBJC_ROOT_CLASS = YES_ERROR;
				CLANG_WARN_RANGE_LOOP_ANALYSIS = YES;
				CLANG_WARN_STRICT_PROTOTYPES = YES;
				CLANG_WARN_SUSPICIOUS_MOVE = YES;
				CLANG_WARN_UNGUARDED_AVAILABILITY = YES_AGGRESSIVE;
				CLANG_WARN_UNREACHABLE_CODE = YES;
				CLANG_WARN__DUPLICATE_METHOD_MATCH = YES;
				CODE_SIGN_IDENTITY = "iPhone Developer";
				COPY_PHASE_STRIP = NO;
				DEBUG_INFORMATION_FORMAT = dwarf;
				ENABLE_STRICT_OBJC_MSGSEND = YES;
				ENABLE_TESTABILITY = YES;
				GCC_C_LANGUAGE_STANDARD = gnu11;
				GCC_DYNAMIC_NO_PIC = NO;
				GCC_NO_COMMON_BLOCKS = YES;
				GCC_OPTIMIZATION_LEVEL = 0;
				GCC_PREPROCESSOR_DEFINITIONS = (
					"DEBUG=1",
					"$(inherited)",
				);
				GCC_WARN_64_TO_32_BIT_CONVERSION = YES;
				GCC_WARN_ABOUT_RETURN_TYPE = YES_ERROR;
				GCC_WARN_UNDECLARED_SELECTOR = YES;
				GCC_WARN_UNINITIALIZED_AUTOS = YES_AGGRESSIVE;
				GCC_WARN_UNUSED_FUNCTION = YES;
				GCC_WARN_UNUSED_VARIABLE = YES;
				IPHONEOS_DEPLOYMENT_TARGET = 12.0;
				MTL_ENABLE_DEBUG_INFO = INCLUDE_SOURCE;
				MTL_FAST_MATH = YES;
				ONLY_ACTIVE_ARCH = YES;
				SDKROOT = iphoneos;
			};
			name = Debug;
		};
		3B7553CA21163788008655FB /* Release */ = {
			isa = XCBuildConfiguration;
			buildSettings = {
				ALWAYS_SEARCH_USER_PATHS = NO;
				CLANG_ANALYZER_NONNULL = YES;
				CLANG_ANALYZER_NUMBER_OBJECT_CONVERSION = YES_AGGRESSIVE;
				CLANG_CXX_LANGUAGE_STANDARD = "gnu++14";
				CLANG_CXX_LIBRARY = "libc++";
				CLANG_ENABLE_MODULES = YES;
				CLANG_ENABLE_OBJC_ARC = YES;
				CLANG_ENABLE_OBJC_WEAK = YES;
				CLANG_WARN_BLOCK_CAPTURE_AUTORELEASING = YES;
				CLANG_WARN_BOOL_CONVERSION = YES;
				CLANG_WARN_COMMA = YES;
				CLANG_WARN_CONSTANT_CONVERSION = YES;
				CLANG_WARN_DEPRECATED_OBJC_IMPLEMENTATIONS = YES;
				CLANG_WARN_DIRECT_OBJC_ISA_USAGE = YES_ERROR;
				CLANG_WARN_DOCUMENTATION_COMMENTS = YES;
				CLANG_WARN_EMPTY_BODY = YES;
				CLANG_WARN_ENUM_CONVERSION = YES;
				CLANG_WARN_INFINITE_RECURSION = YES;
				CLANG_WARN_INT_CONVERSION = YES;
				CLANG_WARN_NON_LITERAL_NULL_CONVERSION = YES;
				CLANG_WARN_OBJC_IMPLICIT_RETAIN_SELF = YES;
				CLANG_WARN_OBJC_LITERAL_CONVERSION = YES;
				CLANG_WARN_OBJC_ROOT_CLASS = YES_ERROR;
				CLANG_WARN_RANGE_LOOP_ANALYSIS = YES;
				CLANG_WARN_STRICT_PROTOTYPES = YES;
				CLANG_WARN_SUSPICIOUS_MOVE = YES;
				CLANG_WARN_UNGUARDED_AVAILABILITY = YES_AGGRESSIVE;
				CLANG_WARN_UNREACHABLE_CODE = YES;
				CLANG_WARN__DUPLICATE_METHOD_MATCH = YES;
				CODE_SIGN_IDENTITY = "iPhone Developer";
				COPY_PHASE_STRIP = NO;
				DEBUG_INFORMATION_FORMAT = "dwarf-with-dsym";
				ENABLE_NS_ASSERTIONS = NO;
				ENABLE_STRICT_OBJC_MSGSEND = YES;
				GCC_C_LANGUAGE_STANDARD = gnu11;
				GCC_NO_COMMON_BLOCKS = YES;
				GCC_WARN_64_TO_32_BIT_CONVERSION = YES;
				GCC_WARN_ABOUT_RETURN_TYPE = YES_ERROR;
				GCC_WARN_UNDECLARED_SELECTOR = YES;
				GCC_WARN_UNINITIALIZED_AUTOS = YES_AGGRESSIVE;
				GCC_WARN_UNUSED_FUNCTION = YES;
				GCC_WARN_UNUSED_VARIABLE = YES;
				IPHONEOS_DEPLOYMENT_TARGET = 12.0;
				MTL_ENABLE_DEBUG_INFO = NO;
				MTL_FAST_MATH = YES;
				SDKROOT = iphoneos;
				VALIDATE_PRODUCT = YES;
			};
			name = Release;
		};
		3B7553CC21163788008655FB /* Debug */ = {
			isa = XCBuildConfiguration;
			baseConfigurationReference = D8191B1205981C121AAAC1DA /* Pods-jpmc.debug.xcconfig */;
			buildSettings = {
				ASSETCATALOG_COMPILER_APPICON_NAME = AppIcon;
				CODE_SIGN_STYLE = Automatic;
				DEVELOPMENT_TEAM = 2473KE85XF;
				INFOPLIST_FILE = jpmc/Info.plist;
				IPHONEOS_DEPLOYMENT_TARGET = 11.0;
				LD_RUNPATH_SEARCH_PATHS = (
					"$(inherited)",
					"@executable_path/Frameworks",
				);
				PRODUCT_BUNDLE_IDENTIFIER = com.bluepego.jpmc;
				PRODUCT_NAME = "$(TARGET_NAME)";
				TARGETED_DEVICE_FAMILY = "1,2";
			};
			name = Debug;
		};
		3B7553CD21163788008655FB /* Release */ = {
			isa = XCBuildConfiguration;
			baseConfigurationReference = 051896A616E9525982E26B7E /* Pods-jpmc.release.xcconfig */;
			buildSettings = {
				ASSETCATALOG_COMPILER_APPICON_NAME = AppIcon;
				CODE_SIGN_STYLE = Automatic;
				DEVELOPMENT_TEAM = 2473KE85XF;
				INFOPLIST_FILE = jpmc/Info.plist;
				IPHONEOS_DEPLOYMENT_TARGET = 11.0;
				LD_RUNPATH_SEARCH_PATHS = (
					"$(inherited)",
					"@executable_path/Frameworks",
				);
				PRODUCT_BUNDLE_IDENTIFIER = com.bluepego.jpmc;
				PRODUCT_NAME = "$(TARGET_NAME)";
				TARGETED_DEVICE_FAMILY = "1,2";
			};
			name = Release;
		};
		3B7553CF21163788008655FB /* Debug */ = {
			isa = XCBuildConfiguration;
			baseConfigurationReference = 06EC6114C6375AE2EDE03A1C /* Pods-jpmcTests.debug.xcconfig */;
			buildSettings = {
				BUNDLE_LOADER = "$(TEST_HOST)";
				CODE_SIGN_STYLE = Automatic;
				DEVELOPMENT_TEAM = 2473KE85XF;
				INFOPLIST_FILE = jpmcTests/Info.plist;
				LD_RUNPATH_SEARCH_PATHS = (
					"$(inherited)",
					"@executable_path/Frameworks",
					"@loader_path/Frameworks",
				);
				PRODUCT_BUNDLE_IDENTIFIER = com.bluepego.jpmcTests;
				PRODUCT_NAME = "$(TARGET_NAME)";
				TARGETED_DEVICE_FAMILY = "1,2";
				TEST_HOST = "$(BUILT_PRODUCTS_DIR)/jpmc.app/jpmc";
			};
			name = Debug;
		};
		3B7553D021163788008655FB /* Release */ = {
			isa = XCBuildConfiguration;
			baseConfigurationReference = 9E0D9C73B75A0E648632BA7F /* Pods-jpmcTests.release.xcconfig */;
			buildSettings = {
				BUNDLE_LOADER = "$(TEST_HOST)";
				CODE_SIGN_STYLE = Automatic;
				DEVELOPMENT_TEAM = 2473KE85XF;
				INFOPLIST_FILE = jpmcTests/Info.plist;
				LD_RUNPATH_SEARCH_PATHS = (
					"$(inherited)",
					"@executable_path/Frameworks",
					"@loader_path/Frameworks",
				);
				PRODUCT_BUNDLE_IDENTIFIER = com.bluepego.jpmcTests;
				PRODUCT_NAME = "$(TARGET_NAME)";
				TARGETED_DEVICE_FAMILY = "1,2";
				TEST_HOST = "$(BUILT_PRODUCTS_DIR)/jpmc.app/jpmc";
			};
			name = Release;
		};
/* End XCBuildConfiguration section */

/* Begin XCConfigurationList section */
		3B7553A521163787008655FB /* Build configuration list for PBXProject "jpmc" */ = {
			isa = XCConfigurationList;
			buildConfigurations = (
				3B7553C921163788008655FB /* Debug */,
				3B7553CA21163788008655FB /* Release */,
			);
			defaultConfigurationIsVisible = 0;
			defaultConfigurationName = Release;
		};
		3B7553CB21163788008655FB /* Build configuration list for PBXNativeTarget "jpmc" */ = {
			isa = XCConfigurationList;
			buildConfigurations = (
				3B7553CC21163788008655FB /* Debug */,
				3B7553CD21163788008655FB /* Release */,
			);
			defaultConfigurationIsVisible = 0;
			defaultConfigurationName = Release;
		};
		3B7553CE21163788008655FB /* Build configuration list for PBXNativeTarget "jpmcTests" */ = {
			isa = XCConfigurationList;
			buildConfigurations = (
				3B7553CF21163788008655FB /* Debug */,
				3B7553D021163788008655FB /* Release */,
			);
			defaultConfigurationIsVisible = 0;
			defaultConfigurationName = Release;
		};
/* End XCConfigurationList section */
	};
	rootObject = 3B7553A221163787008655FB /* Project object */;
}
